<Solution>
  <Configurations>
    <Platform Name="Any CPU" />
    <Platform Name="x64" />
    <Platform Name="x86" />
  </Configurations>
  <Folder Name="/modules/" />
  <Folder Name="/modules/Crest/">
    <Project Path="modules/Crest/Crest.ContentPartLists/Crest.ContentPartLists.csproj" />
    <Project Path="modules/Crest/Crest.Global/Crest.Global.csproj" />
    <Project Path="modules/Crest/Crest.Regions/Crest.Regions.csproj" />
    <Project Path="modules/Crest/Crest.Iconify/Crest.Iconify.csproj" />
  </Folder>
  <Folder Name="/modules/Crest/blazor-wasm/">
    <Project Path="modules/Crest/Crest.ContentPartLists/blazor-wasm/Crest.ContentPartLists.BlazorWasm.csproj" />
  </Folder>
  <Folder Name="/modules/Crest/Crest.ContentPartLists/" />
  <Folder Name="/modules/Crest/Crest.ContentPartLists/tests/">
    <Project Path="modules/Crest/Crest.ContentPartLists/tests/Crest.ContentPartLists.Tests/Crest.ContentPartLists.Tests.csproj" />
  </Folder>
  <Folder Name="/modules/Crest/Crest.Members/" />
  <Folder Name="/modules/Crest/Crest.Members/Domain/">
    <Project Path="modules/Crest/Crest.Members/Domain/Crest.Members.Domain.csproj" />
  </Folder>
  <Folder Name="/modules/Crest/Crest.Members/Server/">
    <Project Path="modules/Crest/Crest.Members/Server/Crest.Members.csproj" />
  </Folder>
  <Folder Name="/modules/Crest/Crest.Members/tests/">
    <Project Path="modules/Crest/Crest.Members/tests/Crest.Members.Tests/Crest.Members.Tests.csproj" />
  </Folder>
  <Folder Name="/modules/Crest/Crest.Parties/" />
  <Folder Name="/modules/Crest/Crest.Parties/Domain/">
    <Project Path="modules/Crest/Crest.Parties/Domain/Crest.Parties.Domain.csproj" />
  </Folder>
  <Folder Name="/modules/Crest/Crest.Parties/Server/">
    <Project Path="modules/Crest/Crest.Parties/Server/Crest.Parties.csproj" />
  </Folder>
  <Folder Name="/modules/Crest/Crest.Parties/tests/">
    <Project Path="modules/Crest/Crest.Parties/tests/Crest.Parties.Tests/Crest.Parties.Tests.csproj" />
  </Folder>
  <Folder Name="/modules/Crest/Crest.Regions/" />
  <Folder Name="/modules/Crest/Crest.Regions/Domain/">
    <Project Path="modules/Crest/Crest.Regions/Domain/Crest.Regions.Domain.csproj" />
  </Folder>
  <Folder Name="/modules/Crest/Crest.Regions/tests/">
    <Project Path="modules/Crest/Crest.Regions/tests/Crest.Regions.Tests/Crest.Regions.Tests.csproj" />
  </Folder>
  <Folder Name="/modules/Crest/Crest.Workflows/" />
  <Folder Name="/modules/Crest/Crest.Workflows/Domain/">
    <Project Path="modules/Crest/Crest.Workflows/Domain/Crest.Workflows.Domain.csproj" />
  </Folder>
  <Folder Name="/modules/Crest/Crest.Workflows/engine/" />
  <Folder Name="/modules/Crest/Crest.Workflows/engine/src/" />
  <Folder Name="/modules/Crest/Crest.Workflows/engine/src/common/">
    <Project Path="modules/Crest/Crest.Workflows/engine/src/common/Crest.Workflows.Api.Common/Crest.Workflows.Api.Common.csproj" />
    <Project Path="modules/Crest/Crest.Workflows/engine/src/common/Crest.Workflows.Features/Crest.Workflows.Features.csproj" />
    <Project Path="modules/Crest/Crest.Workflows/engine/src/common/Crest.Workflows.Mediator/Crest.Workflows.Mediator.csproj" />
  </Folder>
  <Folder Name="/modules/Crest/Crest.Workflows/engine/src/modules/">
    <Project Path="modules/Crest/Crest.Workflows/engine/src/modules/Crest.Workflows.Api/Crest.Workflows.Api.csproj" />
    <Project Path="modules/Crest/Crest.Workflows/engine/src/modules/Crest.Workflows.Caching/Crest.Workflows.Caching.csproj" />
    <Project Path="modules/Crest/Crest.Workflows/engine/src/modules/Crest.Workflows.Common/Crest.Workflows.Common.csproj" />
    <Project Path="modules/Crest/Crest.Workflows/engine/src/modules/Crest.Workflows.Core/Crest.Workflows.Core.csproj" />
    <Project Path="modules/Crest/Crest.Workflows/engine/src/modules/Crest.Workflows.Engine/Crest.Workflows.Engine.csproj" />
    <Project Path="modules/Crest/Crest.Workflows/engine/src/modules/Crest.Workflows.Expressions.JavaScript/Crest.Workflows.Expressions.JavaScript.csproj" />
    <Project Path="modules/Crest/Crest.Workflows/engine/src/modules/Crest.Workflows.Expressions.Liquid/Crest.Workflows.Expressions.Liquid.csproj" />
    <Project Path="modules/Crest/Crest.Workflows/engine/src/modules/Crest.Workflows.Expressions/Crest.Workflows.Expressions.csproj" />
    <Project Path="modules/Crest/Crest.Workflows/engine/src/modules/Crest.Workflows.Http/Crest.Workflows.Http.csproj" />
    <Project Path="modules/Crest/Crest.Workflows/engine/src/modules/Crest.Workflows.KeyValues/Crest.Workflows.KeyValues.csproj" />
    <Project Path="modules/Crest/Crest.Workflows/engine/src/modules/Crest.Workflows.Management/Crest.Workflows.Management.csproj" />
    <Project Path="modules/Crest/Crest.Workflows/engine/src/modules/Crest.Workflows.Resilience.Core/Crest.Workflows.Resilience.Core.csproj" />
    <Project Path="modules/Crest/Crest.Workflows/engine/src/modules/Crest.Workflows.Resilience/Crest.Workflows.Resilience.csproj" />
    <Project Path="modules/Crest/Crest.Workflows/engine/src/modules/Crest.Workflows.Runtime.Distributed/Crest.Workflows.Runtime.Distributed.csproj" />
    <Project Path="modules/Crest/Crest.Workflows/engine/src/modules/Crest.Workflows.Runtime/Crest.Workflows.Runtime.csproj" />
    <Project Path="modules/Crest/Crest.Workflows/engine/src/modules/Crest.Workflows.SasTokens/Crest.Workflows.SasTokens.csproj" />
    <Project Path="modules/Crest/Crest.Workflows/engine/src/modules/Crest.Workflows.Scheduling/Crest.Workflows.Scheduling.csproj" />
    <Project Path="modules/Crest/Crest.Workflows/engine/src/modules/Crest.Workflows.Tenants/Crest.Workflows.Tenants.csproj" />
  </Folder>
  <Folder Name="/modules/Crest/Crest.Workflows/Server/">
    <Project Path="modules/Crest/Crest.Workflows/Server/Crest.Workflows.csproj" />
  </Folder>
  <Folder Name="/modules/Crest/Crest.Workflows/tests/">
    <Project Path="modules/Crest/Crest.Workflows/tests/Crest.Workflows.Tests/Crest.Workflows.Tests.csproj" />
  </Folder>
  <Folder Name="/modules/Crest/Crest.AdminTheme/" />
  <Folder Name="/modules/Crest/Crest.AdminTheme/tests/">
    <Project Path="modules/Crest/Crest.AdminTheme/tests/Crest.AdminTheme.Tests/Crest.AdminTheme.Tests.csproj" />
  </Folder>
  <Folder Name="/modules/Crest/Crest.AdminTheme/wasm/" />
  <Folder Name="/modules/Crest/Crest.Components/" />
  <Folder Name="/modules/Crest/Crest.Components/tests/">
    <Project Path="modules/Crest/Crest.Components/tests/Crest.Components.Tests/Crest.Components.Tests.csproj" />
  </Folder>
  <Folder Name="/modules/Crest/Crest.Iconify/" />
  <Folder Name="/modules/Crest/Crest.Iconify/tests/">
    <Project Path="modules/Crest/Crest.Iconify/tests/Crest.Iconify.Tests/Crest.Iconify.Tests.csproj" />
  </Folder>
  <Folder Name="/modules/Crest/Crest.Icons/" />
  <Folder Name="/modules/Crest/Crest.Icons/tests/">
    <Project Path="modules/Crest/Crest.Icons/tests/Crest.Icons.Tests/Crest.Icons.Tests.csproj" />
  </Folder>
  <Folder Name="/modules/Crest/Crest.Server/" />
  <Folder Name="/modules/Crest/Crest.Server/tests/">
    <Project Path="modules/Crest/Crest.Server/tests/Crest.Server.Tests/Crest.Server.Tests.csproj" />
  </Folder>
  <Folder Name="/modules/Crest/Crest.SiteTheme/" />
  <Folder Name="/modules/Crest/Crest.SiteTheme/tests/">
    <Project Path="modules/Crest/Crest.SiteTheme/tests/Crest.SiteTheme.Tests/Crest.SiteTheme.Tests.csproj" />
  </Folder>
  <Project Path="modules/Crest/Crest.AdminTheme/Crest.AdminTheme.csproj" />
  <Project Path="modules/Crest/Crest.AdminTheme/wasm/Crest.AdminTheme.Client.csproj" />
  <Project Path="modules/Crest/Crest.Components/Crest.Components.csproj" />
  <Project Path="modules/Crest/Crest.Icons/Crest.Icons.csproj" />
  <Project Path="modules/Crest/Crest.Server/Crest.Server.csproj" />
  <Project Path="modules/Crest/Crest.Server/Themes/Crest.LegacyFrame/Crest.LegacyFrame.csproj" />
  <Project Path="modules/Crest/Crest.SiteTheme/Crest.SiteTheme.csproj" />
  <Project Path="Crest.Host.csproj" />
  <Project Path="client/Crest.Host.Client.csproj" />
</Solution>
